// !$*UTF8*$!
{
	archiveVersion = 1;
	classes = {
	};
	objectVersion = 45;
	objects = {

/* Begin PBXBuildFile section */
		2FDBB75C10EECD0200193065 /* UIQuerySearchBar.h in Headers */ = {isa = PBXBuildFile; fileRef = 2FDBB75410EECD0200193065 /* UIQuerySearchBar.h */; settings = {ATTRIBUTES = (Public, ); }; };
		2FDBB75D10EECD0200193065 /* UIQuerySearchBar.m in Sources */ = {isa = PBXBuildFile; fileRef = 2FDBB75510EECD0200193065 /* UIQuerySearchBar.m */; };
		2FDBB75E10EECD0200193065 /* UIQuerySegmentedControl.h in Headers */ = {isa = PBXBuildFile; fileRef = 2FDBB75610EECD0200193065 /* UIQuerySegmentedControl.h */; settings = {ATTRIBUTES = (Public, ); }; };
		2FDBB75F10EECD0200193065 /* UIQuerySegmentedControl.m in Sources */ = {isa = PBXBuildFile; fileRef = 2FDBB75710EECD0200193065 /* UIQuerySegmentedControl.m */; };
		2FDBB76010EECD0200193065 /* UIQueryTabBar.h in Headers */ = {isa = PBXBuildFile; fileRef = 2FDBB75810EECD0200193065 /* UIQueryTabBar.h */; settings = {ATTRIBUTES = (Public, ); }; };
		2FDBB76110EECD0200193065 /* UIQueryTabBar.m in Sources */ = {isa = PBXBuildFile; fileRef = 2FDBB75910EECD0200193065 /* UIQueryTabBar.m */; };
		2FDBB76210EECD0200193065 /* UIQueryWebView.h in Headers */ = {isa = PBXBuildFile; fileRef = 2FDBB75A10EECD0200193065 /* UIQueryWebView.h */; settings = {ATTRIBUTES = (Public, ); }; };
		2FDBB76310EECD0200193065 /* UIQueryWebView.m in Sources */ = {isa = PBXBuildFile; fileRef = 2FDBB75B10EECD0200193065 /* UIQueryWebView.m */; };
		40C7CC2A12E9E854003FF22C /* DescribeUIExpectation.h in Headers */ = {isa = PBXBuildFile; fileRef = C7D4F2EC10BDA57C00B00019 /* DescribeUIExpectation.h */; };
		40C7CC2D12E9E8BB003FF22C /* libUISpec.a in Frameworks */ = {isa = PBXBuildFile; fileRef = C76EB5D20F74586B00EF8398 /* libUISpec.a */; };
		C708D8F110C4B86A000A2462 /* UIMatcher.h in Headers */ = {isa = PBXBuildFile; fileRef = C708D8EE10C4B86A000A2462 /* UIMatcher.h */; settings = {ATTRIBUTES = (Public, ); }; };
		C708D8F210C4B86A000A2462 /* UIMatcher.m in Sources */ = {isa = PBXBuildFile; fileRef = C708D8EF10C4B86A000A2462 /* UIMatcher.m */; };
		C7407B5C101AA2FA00E5392C /* WaitUntilIdle.h in Headers */ = {isa = PBXBuildFile; fileRef = C7407B58101AA2F900E5392C /* WaitUntilIdle.h */; settings = {ATTRIBUTES = (Public, ); }; };
		C7407B5D101AA2FA00E5392C /* WaitUntilIdle.m in Sources */ = {isa = PBXBuildFile; fileRef = C7407B59101AA2FA00E5392C /* WaitUntilIdle.m */; };
		C7653A9A1023BE15001FF86B /* UIChildren.h in Headers */ = {isa = PBXBuildFile; fileRef = C7653A8E1023BE15001FF86B /* UIChildren.h */; settings = {ATTRIBUTES = (Public, ); }; };
		C7653A9B1023BE15001FF86B /* UIChildren.m in Sources */ = {isa = PBXBuildFile; fileRef = C7653A8F1023BE15001FF86B /* UIChildren.m */; };
		C7653A9C1023BE15001FF86B /* UIDescendants.h in Headers */ = {isa = PBXBuildFile; fileRef = C7653A901023BE15001FF86B /* UIDescendants.h */; settings = {ATTRIBUTES = (Public, ); }; };
		C7653A9D1023BE15001FF86B /* UIDescendants.m in Sources */ = {isa = PBXBuildFile; fileRef = C7653A911023BE15001FF86B /* UIDescendants.m */; };
		C7653A9E1023BE15001FF86B /* UIParents.h in Headers */ = {isa = PBXBuildFile; fileRef = C7653A921023BE15001FF86B /* UIParents.h */; settings = {ATTRIBUTES = (Public, ); }; };
		C7653A9F1023BE15001FF86B /* UIParents.m in Sources */ = {isa = PBXBuildFile; fileRef = C7653A931023BE15001FF86B /* UIParents.m */; };
		C7653B631023FD63001FF86B /* UIRedoer.h in Headers */ = {isa = PBXBuildFile; fileRef = C7653B5F1023FD63001FF86B /* UIRedoer.h */; settings = {ATTRIBUTES = (Public, ); }; };
		C7653B641023FD63001FF86B /* UIRedoer.m in Sources */ = {isa = PBXBuildFile; fileRef = C7653B601023FD63001FF86B /* UIRedoer.m */; };
		C76EB6100F74594900EF8398 /* UISpec.h in Headers */ = {isa = PBXBuildFile; fileRef = C76EB5F40F74594900EF8398 /* UISpec.h */; settings = {ATTRIBUTES = (Public, ); }; };
		C76EB6110F74594900EF8398 /* UISpec.m in Sources */ = {isa = PBXBuildFile; fileRef = C76EB5F50F74594900EF8398 /* UISpec.m */; };
		C76EB6250F7459DC00EF8398 /* UISpec_Prefix.pch in Headers */ = {isa = PBXBuildFile; fileRef = C76EB6230F7459DC00EF8398 /* UISpec_Prefix.pch */; settings = {ATTRIBUTES = (Public, ); }; };
		C76EB76B0F76DFF400EF8398 /* UIQueryTableViewCell.h in Headers */ = {isa = PBXBuildFile; fileRef = C76EB7510F76DFF400EF8398 /* UIQueryTableViewCell.h */; settings = {ATTRIBUTES = (Public, ); }; };
		C76EB76C0F76DFF400EF8398 /* UIQueryTableViewCell.m in Sources */ = {isa = PBXBuildFile; fileRef = C76EB7520F76DFF400EF8398 /* UIQueryTableViewCell.m */; };
		C76EB76D0F76DFF400EF8398 /* UIFilter.h in Headers */ = {isa = PBXBuildFile; fileRef = C76EB7540F76DFF400EF8398 /* UIFilter.h */; settings = {ATTRIBUTES = (Public, ); }; };
		C76EB76E0F76DFF400EF8398 /* UIFilter.m in Sources */ = {isa = PBXBuildFile; fileRef = C76EB7550F76DFF400EF8398 /* UIFilter.m */; };
		C76EB76F0F76DFF400EF8398 /* UIQuery.h in Headers */ = {isa = PBXBuildFile; fileRef = C76EB7560F76DFF400EF8398 /* UIQuery.h */; settings = {ATTRIBUTES = (Public, ); }; };
		C76EB7700F76DFF400EF8398 /* UIQuery.m in Sources */ = {isa = PBXBuildFile; fileRef = C76EB7570F76DFF400EF8398 /* UIQuery.m */; };
		C76EB7710F76DFF400EF8398 /* UIExpectation.h in Headers */ = {isa = PBXBuildFile; fileRef = C76EB7580F76DFF400EF8398 /* UIExpectation.h */; settings = {ATTRIBUTES = (Public, ); }; };
		C76EB7720F76DFF400EF8398 /* UIExpectation.m in Sources */ = {isa = PBXBuildFile; fileRef = C76EB7590F76DFF400EF8398 /* UIExpectation.m */; };
		C76EB7730F76DFF400EF8398 /* CallCache.h in Headers */ = {isa = PBXBuildFile; fileRef = C76EB75B0F76DFF400EF8398 /* CallCache.h */; settings = {ATTRIBUTES = (Public, ); }; };
		C76EB7740F76DFF400EF8398 /* CallCache.m in Sources */ = {isa = PBXBuildFile; fileRef = C76EB75C0F76DFF400EF8398 /* CallCache.m */; };
		C76EB7750F76DFF400EF8398 /* NSNumberCreator.h in Headers */ = {isa = PBXBuildFile; fileRef = C76EB75D0F76DFF400EF8398 /* NSNumberCreator.h */; settings = {ATTRIBUTES = (Public, ); }; };
		C76EB7760F76DFF400EF8398 /* NSNumberCreator.m in Sources */ = {isa = PBXBuildFile; fileRef = C76EB75E0F76DFF400EF8398 /* NSNumberCreator.m */; };
		C76EB7A50F76F03F00EF8398 /* UIQueryTableView.h in Headers */ = {isa = PBXBuildFile; fileRef = C76EB7A10F76F03F00EF8398 /* UIQueryTableView.h */; settings = {ATTRIBUTES = (Public, ); }; };
		C76EB7A60F76F03F00EF8398 /* UIQueryTableView.m in Sources */ = {isa = PBXBuildFile; fileRef = C76EB7A20F76F03F00EF8398 /* UIQueryTableView.m */; };
		C77A47D310C9903B00C1BF8D /* UIQueryExpectation.h in Headers */ = {isa = PBXBuildFile; fileRef = C77A47CE10C9903B00C1BF8D /* UIQueryExpectation.h */; settings = {ATTRIBUTES = (Public, ); }; };
		C77A47D410C9903B00C1BF8D /* UIQueryExpectation.m in Sources */ = {isa = PBXBuildFile; fileRef = C77A47CF10C9903B00C1BF8D /* UIQueryExpectation.m */; };
		C77AB496103F298700FDCEEB /* UIInspector.h in Headers */ = {isa = PBXBuildFile; fileRef = C77AB48E103F298700FDCEEB /* UIInspector.h */; settings = {ATTRIBUTES = (Public, ); }; };
		C77AB497103F298700FDCEEB /* UIInspector.m in Sources */ = {isa = PBXBuildFile; fileRef = C77AB48F103F298700FDCEEB /* UIInspector.m */; };
		C77AB498103F298700FDCEEB /* UIBug.h in Headers */ = {isa = PBXBuildFile; fileRef = C77AB490103F298700FDCEEB /* UIBug.h */; settings = {ATTRIBUTES = (Public, ); }; };
		C77AB499103F298700FDCEEB /* UIBug.m in Sources */ = {isa = PBXBuildFile; fileRef = C77AB491103F298700FDCEEB /* UIBug.m */; };
		C7D32A93103F40DF00071AE1 /* UIConsole.h in Headers */ = {isa = PBXBuildFile; fileRef = C7D32A91103F40DF00071AE1 /* UIConsole.h */; settings = {ATTRIBUTES = (Public, ); }; };
		C7D32A94103F40DF00071AE1 /* UIConsole.m in Sources */ = {isa = PBXBuildFile; fileRef = C7D32A92103F40DF00071AE1 /* UIConsole.m */; };
		C7D4F2B410BDA48300B00019 /* main.m in Sources */ = {isa = PBXBuildFile; fileRef = C7D4F2B310BDA48300B00019 /* main.m */; };
		C7D4F2EB10BDA54500B00019 /* UISpec.bundle in Resources */ = {isa = PBXBuildFile; fileRef = C77AB465103F263400FDCEEB /* UISpec.bundle */; };
		C7D4F2EE10BDA57C00B00019 /* DescribeUIExpectation.m in Sources */ = {isa = PBXBuildFile; fileRef = C7D4F2ED10BDA57C00B00019 /* DescribeUIExpectation.m */; };
		C7E953560F81799A005FC682 /* UIProxy.h in Headers */ = {isa = PBXBuildFile; fileRef = C7E953540F81799A005FC682 /* UIProxy.h */; settings = {ATTRIBUTES = (Public, ); }; };
		C7E953570F81799A005FC682 /* UIProxy.m in Sources */ = {isa = PBXBuildFile; fileRef = C7E953550F81799A005FC682 /* UIProxy.m */; };
		C7E9535C0F818688005FC682 /* ReturnCacher.h in Headers */ = {isa = PBXBuildFile; fileRef = C7E9535A0F818688005FC682 /* ReturnCacher.h */; settings = {ATTRIBUTES = (Public, ); }; };
		C7E9535D0F818688005FC682 /* ReturnCacher.m in Sources */ = {isa = PBXBuildFile; fileRef = C7E9535B0F818688005FC682 /* ReturnCacher.m */; };
		C7EFF4D710E40D02007DB16A /* UILog.h in Headers */ = {isa = PBXBuildFile; fileRef = C7EFF4D410E40D02007DB16A /* UILog.h */; settings = {ATTRIBUTES = (Public, ); }; };
		C7EFF50E10E41565007DB16A /* UIConsoleLog.h in Headers */ = {isa = PBXBuildFile; fileRef = C7EFF50B10E41565007DB16A /* UIConsoleLog.h */; settings = {ATTRIBUTES = (Public, ); }; };
		C7EFF50F10E41565007DB16A /* UIConsoleLog.m in Sources */ = {isa = PBXBuildFile; fileRef = C7EFF50C10E41565007DB16A /* UIConsoleLog.m */; };
		C7FE1C2D0F7B26360047857B /* Recordable.h in Headers */ = {isa = PBXBuildFile; fileRef = C7FE1C2B0F7B26360047857B /* Recordable.h */; settings = {ATTRIBUTES = (Public, ); }; };
		C7FE1C2E0F7B26360047857B /* Recordable.m in Sources */ = {isa = PBXBuildFile; fileRef = C7FE1C2C0F7B26360047857B /* Recordable.m */; };
		C7FE1D9C0F7D6B060047857B /* ViewFilterSwizzler.h in Headers */ = {isa = PBXBuildFile; fileRef = C7FE1D9A0F7D6B060047857B /* ViewFilterSwizzler.h */; settings = {ATTRIBUTES = (Public, ); }; };
		C7FE1D9D0F7D6B060047857B /* ViewFilterSwizzler.m in Sources */ = {isa = PBXBuildFile; fileRef = C7FE1D9B0F7D6B060047857B /* ViewFilterSwizzler.m */; };
		C7FE1DFB0F7D6D7C0047857B /* UIQueryAll.h in Headers */ = {isa = PBXBuildFile; fileRef = C7FE1DF90F7D6D7C0047857B /* UIQueryAll.h */; settings = {ATTRIBUTES = (Public, ); }; };
		C7FE1DFC0F7D6D7C0047857B /* UIQueryAll.m in Sources */ = {isa = PBXBuildFile; fileRef = C7FE1DFA0F7D6D7C0047857B /* UIQueryAll.m */; };
/* End PBXBuildFile section */

/* Begin PBXContainerItemProxy section */
		40C7CBD812E9E6E0003FF22C /* PBXContainerItemProxy */ = {
			isa = PBXContainerItemProxy;
			containerPortal = 08FB7793FE84155DC02AAC07 /* Project object */;
			proxyType = 1;
			remoteGlobalIDString = C76EB5D10F74586B00EF8398;
			remoteInfo = UISpec;
		};
/* End PBXContainerItemProxy section */

/* Begin PBXFileReference section */
		2FDBB75410EECD0200193065 /* UIQuerySearchBar.h */ = {isa = PBXFileReference; fileEncoding = 4; lastKnownFileType = sourcecode.c.h; path = UIQuerySearchBar.h; sourceTree = "<group>"; };
		2FDBB75510EECD0200193065 /* UIQuerySearchBar.m */ = {isa = PBXFileReference; fileEncoding = 4; lastKnownFileType = sourcecode.c.objc; path = UIQuerySearchBar.m; sourceTree = "<group>"; };
		2FDBB75610EECD0200193065 /* UIQuerySegmentedControl.h */ = {isa = PBXFileReference; fileEncoding = 4; lastKnownFileType = sourcecode.c.h; path = UIQuerySegmentedControl.h; sourceTree = "<group>"; };
		2FDBB75710EECD0200193065 /* UIQuerySegmentedControl.m */ = {isa = PBXFileReference; fileEncoding = 4; lastKnownFileType = sourcecode.c.objc; path = UIQuerySegmentedControl.m; sourceTree = "<group>"; };
		2FDBB75810EECD0200193065 /* UIQueryTabBar.h */ = {isa = PBXFileReference; fileEncoding = 4; lastKnownFileType = sourcecode.c.h; path = UIQueryTabBar.h; sourceTree = "<group>"; };
		2FDBB75910EECD0200193065 /* UIQueryTabBar.m */ = {isa = PBXFileReference; fileEncoding = 4; lastKnownFileType = sourcecode.c.objc; path = UIQueryTabBar.m; sourceTree = "<group>"; };
		2FDBB75A10EECD0200193065 /* UIQueryWebView.h */ = {isa = PBXFileReference; fileEncoding = 4; lastKnownFileType = sourcecode.c.h; path = UIQueryWebView.h; sourceTree = "<group>"; };
		2FDBB75B10EECD0200193065 /* UIQueryWebView.m */ = {isa = PBXFileReference; fileEncoding = 4; lastKnownFileType = sourcecode.c.objc; path = UIQueryWebView.m; sourceTree = "<group>"; };
		C708D8EE10C4B86A000A2462 /* UIMatcher.h */ = {isa = PBXFileReference; fileEncoding = 4; lastKnownFileType = sourcecode.c.h; path = UIMatcher.h; sourceTree = "<group>"; };
		C708D8EF10C4B86A000A2462 /* UIMatcher.m */ = {isa = PBXFileReference; fileEncoding = 4; lastKnownFileType = sourcecode.c.objc; path = UIMatcher.m; sourceTree = "<group>"; };
		C7407B58101AA2F900E5392C /* WaitUntilIdle.h */ = {isa = PBXFileReference; fileEncoding = 4; lastKnownFileType = sourcecode.c.h; path = WaitUntilIdle.h; sourceTree = "<group>"; };
		C7407B59101AA2FA00E5392C /* WaitUntilIdle.m */ = {isa = PBXFileReference; fileEncoding = 4; lastKnownFileType = sourcecode.c.objc; path = WaitUntilIdle.m; sourceTree = "<group>"; };
		C7653A8E1023BE15001FF86B /* UIChildren.h */ = {isa = PBXFileReference; fileEncoding = 4; lastKnownFileType = sourcecode.c.h; name = UIChildren.h; path = ../../src/dsl/UIChildren.h; sourceTree = SOURCE_ROOT; };
		C7653A8F1023BE15001FF86B /* UIChildren.m */ = {isa = PBXFileReference; fileEncoding = 4; lastKnownFileType = sourcecode.c.objc; name = UIChildren.m; path = ../../src/dsl/UIChildren.m; sourceTree = SOURCE_ROOT; };
		C7653A901023BE15001FF86B /* UIDescendants.h */ = {isa = PBXFileReference; fileEncoding = 4; lastKnownFileType = sourcecode.c.h; name = UIDescendants.h; path = ../../src/dsl/UIDescendants.h; sourceTree = SOURCE_ROOT; };
		C7653A911023BE15001FF86B /* UIDescendants.m */ = {isa = PBXFileReference; fileEncoding = 4; lastKnownFileType = sourcecode.c.objc; name = UIDescendants.m; path = ../../src/dsl/UIDescendants.m; sourceTree = SOURCE_ROOT; };
		C7653A921023BE15001FF86B /* UIParents.h */ = {isa = PBXFileReference; fileEncoding = 4; lastKnownFileType = sourcecode.c.h; name = UIParents.h; path = ../../src/dsl/UIParents.h; sourceTree = SOURCE_ROOT; };
		C7653A931023BE15001FF86B /* UIParents.m */ = {isa = PBXFileReference; fileEncoding = 4; lastKnownFileType = sourcecode.c.objc; name = UIParents.m; path = ../../src/dsl/UIParents.m; sourceTree = SOURCE_ROOT; };
		C7653B5F1023FD63001FF86B /* UIRedoer.h */ = {isa = PBXFileReference; fileEncoding = 4; lastKnownFileType = sourcecode.c.h; path = UIRedoer.h; sourceTree = "<group>"; };
		C7653B601023FD63001FF86B /* UIRedoer.m */ = {isa = PBXFileReference; fileEncoding = 4; lastKnownFileType = sourcecode.c.objc; path = UIRedoer.m; sourceTree = "<group>"; };
		C76EB5D20F74586B00EF8398 /* libUISpec.a */ = {isa = PBXFileReference; explicitFileType = archive.ar; includeInIndex = 0; path = libUISpec.a; sourceTree = BUILT_PRODUCTS_DIR; };
		C76EB5F40F74594900EF8398 /* UISpec.h */ = {isa = PBXFileReference; fileEncoding = 4; lastKnownFileType = sourcecode.c.h; name = UISpec.h; path = ../../src/UISpec.h; sourceTree = SOURCE_ROOT; };
		C76EB5F50F74594900EF8398 /* UISpec.m */ = {isa = PBXFileReference; fileEncoding = 4; lastKnownFileType = sourcecode.c.objc; name = UISpec.m; path = ../../src/UISpec.m; sourceTree = SOURCE_ROOT; };
		C76EB6230F7459DC00EF8398 /* UISpec_Prefix.pch */ = {isa = PBXFileReference; fileEncoding = 4; lastKnownFileType = sourcecode.c.h; path = UISpec_Prefix.pch; sourceTree = "<group>"; };
		C76EB7510F76DFF400EF8398 /* UIQueryTableViewCell.h */ = {isa = PBXFileReference; fileEncoding = 4; lastKnownFileType = sourcecode.c.h; name = UIQueryTableViewCell.h; path = ../../src/components/UIQueryTableViewCell.h; sourceTree = SOURCE_ROOT; };
		C76EB7520F76DFF400EF8398 /* UIQueryTableViewCell.m */ = {isa = PBXFileReference; fileEncoding = 4; lastKnownFileType = sourcecode.c.objc; name = UIQueryTableViewCell.m; path = ../../src/components/UIQueryTableViewCell.m; sourceTree = SOURCE_ROOT; };
		C76EB7540F76DFF400EF8398 /* UIFilter.h */ = {isa = PBXFileReference; fileEncoding = 4; lastKnownFileType = sourcecode.c.h; name = UIFilter.h; path = ../../src/dsl/UIFilter.h; sourceTree = SOURCE_ROOT; };
		C76EB7550F76DFF400EF8398 /* UIFilter.m */ = {isa = PBXFileReference; fileEncoding = 4; lastKnownFileType = sourcecode.c.objc; name = UIFilter.m; path = ../../src/dsl/UIFilter.m; sourceTree = SOURCE_ROOT; };
		C76EB7560F76DFF400EF8398 /* UIQuery.h */ = {isa = PBXFileReference; fileEncoding = 4; lastKnownFileType = sourcecode.c.h; name = UIQuery.h; path = ../../src/dsl/UIQuery.h; sourceTree = SOURCE_ROOT; };
		C76EB7570F76DFF400EF8398 /* UIQuery.m */ = {isa = PBXFileReference; fileEncoding = 4; lastKnownFileType = sourcecode.c.objc; name = UIQuery.m; path = ../../src/dsl/UIQuery.m; sourceTree = SOURCE_ROOT; };
		C76EB7580F76DFF400EF8398 /* UIExpectation.h */ = {isa = PBXFileReference; fileEncoding = 4; lastKnownFileType = sourcecode.c.h; path = UIExpectation.h; sourceTree = "<group>"; };
		C76EB7590F76DFF400EF8398 /* UIExpectation.m */ = {isa = PBXFileReference; fileEncoding = 4; lastKnownFileType = sourcecode.c.objc; path = UIExpectation.m; sourceTree = "<group>"; };
		C76EB75B0F76DFF400EF8398 /* CallCache.h */ = {isa = PBXFileReference; fileEncoding = 4; lastKnownFileType = sourcecode.c.h; name = CallCache.h; path = ../../src/utils/CallCache.h; sourceTree = SOURCE_ROOT; };
		C76EB75C0F76DFF400EF8398 /* CallCache.m */ = {isa = PBXFileReference; fileEncoding = 4; lastKnownFileType = sourcecode.c.objc; name = CallCache.m; path = ../../src/utils/CallCache.m; sourceTree = SOURCE_ROOT; };
		C76EB75D0F76DFF400EF8398 /* NSNumberCreator.h */ = {isa = PBXFileReference; fileEncoding = 4; lastKnownFileType = sourcecode.c.h; name = NSNumberCreator.h; path = ../../src/utils/NSNumberCreator.h; sourceTree = SOURCE_ROOT; };
		C76EB75E0F76DFF400EF8398 /* NSNumberCreator.m */ = {isa = PBXFileReference; fileEncoding = 4; lastKnownFileType = sourcecode.c.objc; name = NSNumberCreator.m; path = ../../src/utils/NSNumberCreator.m; sourceTree = SOURCE_ROOT; };
		C76EB7A10F76F03F00EF8398 /* UIQueryTableView.h */ = {isa = PBXFileReference; fileEncoding = 4; lastKnownFileType = sourcecode.c.h; path = UIQueryTableView.h; sourceTree = "<group>"; };
		C76EB7A20F76F03F00EF8398 /* UIQueryTableView.m */ = {isa = PBXFileReference; fileEncoding = 4; lastKnownFileType = sourcecode.c.objc; path = UIQueryTableView.m; sourceTree = "<group>"; };
		C77A47CE10C9903B00C1BF8D /* UIQueryExpectation.h */ = {isa = PBXFileReference; fileEncoding = 4; lastKnownFileType = sourcecode.c.h; path = UIQueryExpectation.h; sourceTree = "<group>"; };
		C77A47CF10C9903B00C1BF8D /* UIQueryExpectation.m */ = {isa = PBXFileReference; fileEncoding = 4; lastKnownFileType = sourcecode.c.objc; path = UIQueryExpectation.m; sourceTree = "<group>"; };
		C77AB465103F263400FDCEEB /* UISpec.bundle */ = {isa = PBXFileReference; lastKnownFileType = "wrapper.plug-in"; name = UISpec.bundle; path = ../../src/UISpec.bundle; sourceTree = "<group>"; };
		C77AB48E103F298700FDCEEB /* UIInspector.h */ = {isa = PBXFileReference; fileEncoding = 4; lastKnownFileType = sourcecode.c.h; path = UIInspector.h; sourceTree = "<group>"; };
		C77AB48F103F298700FDCEEB /* UIInspector.m */ = {isa = PBXFileReference; fileEncoding = 4; lastKnownFileType = sourcecode.c.objc; path = UIInspector.m; sourceTree = "<group>"; };
		C77AB490103F298700FDCEEB /* UIBug.h */ = {isa = PBXFileReference; fileEncoding = 4; lastKnownFileType = sourcecode.c.h; path = UIBug.h; sourceTree = "<group>"; };
		C77AB491103F298700FDCEEB /* UIBug.m */ = {isa = PBXFileReference; fileEncoding = 4; lastKnownFileType = sourcecode.c.objc; path = UIBug.m; sourceTree = "<group>"; };
		C7D32A91103F40DF00071AE1 /* UIConsole.h */ = {isa = PBXFileReference; fileEncoding = 4; lastKnownFileType = sourcecode.c.h; path = UIConsole.h; sourceTree = "<group>"; };
		C7D32A92103F40DF00071AE1 /* UIConsole.m */ = {isa = PBXFileReference; fileEncoding = 4; lastKnownFileType = sourcecode.c.objc; path = UIConsole.m; sourceTree = "<group>"; };
		C7D4F29310BDA39C00B00019 /* Specs.app */ = {isa = PBXFileReference; explicitFileType = wrapper.application; includeInIndex = 0; path = Specs.app; sourceTree = BUILT_PRODUCTS_DIR; };
		C7D4F29510BDA39C00B00019 /* Specs-Info.plist */ = {isa = PBXFileReference; lastKnownFileType = text.plist.xml; path = "Specs-Info.plist"; sourceTree = "<group>"; };
		C7D4F2B310BDA48300B00019 /* main.m */ = {isa = PBXFileReference; fileEncoding = 4; lastKnownFileType = sourcecode.c.objc; path = main.m; sourceTree = "<group>"; };
		C7D4F2EC10BDA57C00B00019 /* DescribeUIExpectation.h */ = {isa = PBXFileReference; fileEncoding = 4; lastKnownFileType = sourcecode.c.h; path = DescribeUIExpectation.h; sourceTree = "<group>"; };
		C7D4F2ED10BDA57C00B00019 /* DescribeUIExpectation.m */ = {isa = PBXFileReference; fileEncoding = 4; lastKnownFileType = sourcecode.c.objc; path = DescribeUIExpectation.m; sourceTree = "<group>"; };
		C7E953540F81799A005FC682 /* UIProxy.h */ = {isa = PBXFileReference; fileEncoding = 4; lastKnownFileType = sourcecode.c.h; path = UIProxy.h; sourceTree = "<group>"; };
		C7E953550F81799A005FC682 /* UIProxy.m */ = {isa = PBXFileReference; fileEncoding = 4; lastKnownFileType = sourcecode.c.objc; path = UIProxy.m; sourceTree = "<group>"; };
		C7E9535A0F818688005FC682 /* ReturnCacher.h */ = {isa = PBXFileReference; fileEncoding = 4; lastKnownFileType = sourcecode.c.h; path = ReturnCacher.h; sourceTree = "<group>"; };
		C7E9535B0F818688005FC682 /* ReturnCacher.m */ = {isa = PBXFileReference; fileEncoding = 4; lastKnownFileType = sourcecode.c.objc; path = ReturnCacher.m; sourceTree = "<group>"; };
		C7EFF4D410E40D02007DB16A /* UILog.h */ = {isa = PBXFileReference; fileEncoding = 4; lastKnownFileType = sourcecode.c.h; name = UILog.h; path = ../../src/dsl/UILog.h; sourceTree = "<group>"; };
		C7EFF50B10E41565007DB16A /* UIConsoleLog.h */ = {isa = PBXFileReference; fileEncoding = 4; lastKnownFileType = sourcecode.c.h; name = UIConsoleLog.h; path = ../../src/dsl/UIConsoleLog.h; sourceTree = "<group>"; };
		C7EFF50C10E41565007DB16A /* UIConsoleLog.m */ = {isa = PBXFileReference; fileEncoding = 4; lastKnownFileType = sourcecode.c.objc; name = UIConsoleLog.m; path = ../../src/dsl/UIConsoleLog.m; sourceTree = "<group>"; };
		C7FE1C2B0F7B26360047857B /* Recordable.h */ = {isa = PBXFileReference; fileEncoding = 4; lastKnownFileType = sourcecode.c.h; name = Recordable.h; path = ../dsl/Recordable.h; sourceTree = "<group>"; };
		C7FE1C2C0F7B26360047857B /* Recordable.m */ = {isa = PBXFileReference; fileEncoding = 4; lastKnownFileType = sourcecode.c.objc; name = Recordable.m; path = ../dsl/Recordable.m; sourceTree = "<group>"; };
		C7FE1D9A0F7D6B060047857B /* ViewFilterSwizzler.h */ = {isa = PBXFileReference; fileEncoding = 4; lastKnownFileType = sourcecode.c.h; path = ViewFilterSwizzler.h; sourceTree = "<group>"; };
		C7FE1D9B0F7D6B060047857B /* ViewFilterSwizzler.m */ = {isa = PBXFileReference; fileEncoding = 4; lastKnownFileType = sourcecode.c.objc; path = ViewFilterSwizzler.m; sourceTree = "<group>"; };
		C7FE1DF90F7D6D7C0047857B /* UIQueryAll.h */ = {isa = PBXFileReference; fileEncoding = 4; lastKnownFileType = sourcecode.c.h; path = UIQueryAll.h; sourceTree = "<group>"; };
		C7FE1DFA0F7D6D7C0047857B /* UIQueryAll.m */ = {isa = PBXFileReference; fileEncoding = 4; lastKnownFileType = sourcecode.c.objc; path = UIQueryAll.m; sourceTree = "<group>"; };
/* End PBXFileReference section */

/* Begin PBXFrameworksBuildPhase section */
		C76EB5D00F74586B00EF8398 /* Frameworks */ = {
			isa = PBXFrameworksBuildPhase;
			buildActionMask = 2147483647;
			files = (
			);
			runOnlyForDeploymentPostprocessing = 0;
		};
		C7D4F29110BDA39C00B00019 /* Frameworks */ = {
			isa = PBXFrameworksBuildPhase;
			buildActionMask = 2147483647;
			files = (
				40C7CC2D12E9E8BB003FF22C /* libUISpec.a in Frameworks */,
			);
			runOnlyForDeploymentPostprocessing = 0;
		};
/* End PBXFrameworksBuildPhase section */

/* Begin PBXGroup section */
		08FB7794FE84155DC02AAC07 /* UISpec */ = {
			isa = PBXGroup;
			children = (
				C7D4F2B110BDA46900B00019 /* specs */,
				C76EB5E70F74592C00EF8398 /* src */,
				1AB674ADFE9D54B511CA2CBB /* Products */,
				C77AB465103F263400FDCEEB /* UISpec.bundle */,
				C76EB6230F7459DC00EF8398 /* UISpec_Prefix.pch */,
				C7D4F29510BDA39C00B00019 /* Specs-Info.plist */,
			);
			name = UISpec;
			sourceTree = "<group>";
		};
		1AB674ADFE9D54B511CA2CBB /* Products */ = {
			isa = PBXGroup;
			children = (
				C76EB5D20F74586B00EF8398 /* libUISpec.a */,
				C7D4F29310BDA39C00B00019 /* Specs.app */,
			);
			name = Products;
			sourceTree = "<group>";
		};
		C76EB5E70F74592C00EF8398 /* src */ = {
			isa = PBXGroup;
			children = (
				C76EB5F40F74594900EF8398 /* UISpec.h */,
				C76EB5F50F74594900EF8398 /* UISpec.m */,
				C7EFF4D410E40D02007DB16A /* UILog.h */,
				C7EFF50B10E41565007DB16A /* UIConsoleLog.h */,
				C7EFF50C10E41565007DB16A /* UIConsoleLog.m */,
				C76EB7530F76DFF400EF8398 /* dsl */,
				C76EB7500F76DFF400EF8398 /* components */,
				C76EB75A0F76DFF400EF8398 /* utils */,
			);
			name = src;
			sourceTree = "<group>";
		};
		C76EB7500F76DFF400EF8398 /* components */ = {
			isa = PBXGroup;
			children = (
				2FDBB75410EECD0200193065 /* UIQuerySearchBar.h */,
				2FDBB75510EECD0200193065 /* UIQuerySearchBar.m */,
				2FDBB75610EECD0200193065 /* UIQuerySegmentedControl.h */,
				2FDBB75710EECD0200193065 /* UIQuerySegmentedControl.m */,
				2FDBB75810EECD0200193065 /* UIQueryTabBar.h */,
				2FDBB75910EECD0200193065 /* UIQueryTabBar.m */,
				2FDBB75A10EECD0200193065 /* UIQueryWebView.h */,
				2FDBB75B10EECD0200193065 /* UIQueryWebView.m */,
				C76EB7A10F76F03F00EF8398 /* UIQueryTableView.h */,
				C76EB7A20F76F03F00EF8398 /* UIQueryTableView.m */,
				C76EB7510F76DFF400EF8398 /* UIQueryTableViewCell.h */,
				C76EB7520F76DFF400EF8398 /* UIQueryTableViewCell.m */,
			);
			name = components;
			path = ../../src/components;
			sourceTree = SOURCE_ROOT;
		};
		C76EB7530F76DFF400EF8398 /* dsl */ = {
			isa = PBXGroup;
			children = (
				C7653A8E1023BE15001FF86B /* UIChildren.h */,
				C7653A8F1023BE15001FF86B /* UIChildren.m */,
				C7653A901023BE15001FF86B /* UIDescendants.h */,
				C7653A911023BE15001FF86B /* UIDescendants.m */,
				C7653A921023BE15001FF86B /* UIParents.h */,
				C7653A931023BE15001FF86B /* UIParents.m */,
				C76EB7560F76DFF400EF8398 /* UIQuery.h */,
				C76EB7570F76DFF400EF8398 /* UIQuery.m */,
				C76EB7540F76DFF400EF8398 /* UIFilter.h */,
				C76EB7550F76DFF400EF8398 /* UIFilter.m */,
				C76EB7580F76DFF400EF8398 /* UIExpectation.h */,
				C76EB7590F76DFF400EF8398 /* UIExpectation.m */,
				C7FE1D9A0F7D6B060047857B /* ViewFilterSwizzler.h */,
				C7FE1D9B0F7D6B060047857B /* ViewFilterSwizzler.m */,
				C7FE1DF90F7D6D7C0047857B /* UIQueryAll.h */,
				C7FE1DFA0F7D6D7C0047857B /* UIQueryAll.m */,
				C7653B5F1023FD63001FF86B /* UIRedoer.h */,
				C7653B601023FD63001FF86B /* UIRedoer.m */,
				C708D8EE10C4B86A000A2462 /* UIMatcher.h */,
				C708D8EF10C4B86A000A2462 /* UIMatcher.m */,
				C77A47CE10C9903B00C1BF8D /* UIQueryExpectation.h */,
				C77A47CF10C9903B00C1BF8D /* UIQueryExpectation.m */,
			);
			name = dsl;
			path = ../../src/dsl;
			sourceTree = SOURCE_ROOT;
		};
		C76EB75A0F76DFF400EF8398 /* utils */ = {
			isa = PBXGroup;
			children = (
				C77AB48E103F298700FDCEEB /* UIInspector.h */,
				C77AB48F103F298700FDCEEB /* UIInspector.m */,
				C7D32A91103F40DF00071AE1 /* UIConsole.h */,
				C7D32A92103F40DF00071AE1 /* UIConsole.m */,
				C77AB490103F298700FDCEEB /* UIBug.h */,
				C77AB491103F298700FDCEEB /* UIBug.m */,
				C7FE1C2B0F7B26360047857B /* Recordable.h */,
				C7FE1C2C0F7B26360047857B /* Recordable.m */,
				C76EB75B0F76DFF400EF8398 /* CallCache.h */,
				C76EB75C0F76DFF400EF8398 /* CallCache.m */,
				C76EB75D0F76DFF400EF8398 /* NSNumberCreator.h */,
				C76EB75E0F76DFF400EF8398 /* NSNumberCreator.m */,
				C7E953540F81799A005FC682 /* UIProxy.h */,
				C7E953550F81799A005FC682 /* UIProxy.m */,
				C7E9535A0F818688005FC682 /* ReturnCacher.h */,
				C7E9535B0F818688005FC682 /* ReturnCacher.m */,
				C7407B58101AA2F900E5392C /* WaitUntilIdle.h */,
				C7407B59101AA2FA00E5392C /* WaitUntilIdle.m */,
			);
			name = utils;
			path = ../../src/utils;
			sourceTree = SOURCE_ROOT;
		};
		C7D4F2B110BDA46900B00019 /* specs */ = {
			isa = PBXGroup;
			children = (
				C7D4F2B310BDA48300B00019 /* main.m */,
				C7D4F2EC10BDA57C00B00019 /* DescribeUIExpectation.h */,
				C7D4F2ED10BDA57C00B00019 /* DescribeUIExpectation.m */,
			);
			name = specs;
			path = ../../specs;
			sourceTree = SOURCE_ROOT;
		};
/* End PBXGroup section */

/* Begin PBXHeadersBuildPhase section */
		40C7CC2912E9E854003FF22C /* Headers */ = {
			isa = PBXHeadersBuildPhase;
			buildActionMask = 2147483647;
			files = (
				40C7CC2A12E9E854003FF22C /* DescribeUIExpectation.h in Headers */,
			);
			runOnlyForDeploymentPostprocessing = 0;
		};
		C76EB5CE0F74586B00EF8398 /* Headers */ = {
			isa = PBXHeadersBuildPhase;
			buildActionMask = 2147483647;
			files = (
				C76EB6100F74594900EF8398 /* UISpec.h in Headers */,
				C76EB6250F7459DC00EF8398 /* UISpec_Prefix.pch in Headers */,
				C76EB76B0F76DFF400EF8398 /* UIQueryTableViewCell.h in Headers */,
				C76EB76D0F76DFF400EF8398 /* UIFilter.h in Headers */,
				C76EB76F0F76DFF400EF8398 /* UIQuery.h in Headers */,
				C76EB7710F76DFF400EF8398 /* UIExpectation.h in Headers */,
				C76EB7730F76DFF400EF8398 /* CallCache.h in Headers */,
				C76EB7750F76DFF400EF8398 /* NSNumberCreator.h in Headers */,
				C76EB7A50F76F03F00EF8398 /* UIQueryTableView.h in Headers */,
				C7FE1C2D0F7B26360047857B /* Recordable.h in Headers */,
				C7FE1D9C0F7D6B060047857B /* ViewFilterSwizzler.h in Headers */,
				C7FE1DFB0F7D6D7C0047857B /* UIQueryAll.h in Headers */,
				C7E953560F81799A005FC682 /* UIProxy.h in Headers */,
				C7E9535C0F818688005FC682 /* ReturnCacher.h in Headers */,
				C7407B5C101AA2FA00E5392C /* WaitUntilIdle.h in Headers */,
				C7653A9A1023BE15001FF86B /* UIChildren.h in Headers */,
				C7653A9C1023BE15001FF86B /* UIDescendants.h in Headers */,
				C7653A9E1023BE15001FF86B /* UIParents.h in Headers */,
				C7653B631023FD63001FF86B /* UIRedoer.h in Headers */,
				C77AB496103F298700FDCEEB /* UIInspector.h in Headers */,
				C77AB498103F298700FDCEEB /* UIBug.h in Headers */,
				C7D32A93103F40DF00071AE1 /* UIConsole.h in Headers */,
				C708D8F110C4B86A000A2462 /* UIMatcher.h in Headers */,
				C77A47D310C9903B00C1BF8D /* UIQueryExpectation.h in Headers */,
				C7EFF4D710E40D02007DB16A /* UILog.h in Headers */,
				C7EFF50E10E41565007DB16A /* UIConsoleLog.h in Headers */,
				2FDBB75C10EECD0200193065 /* UIQuerySearchBar.h in Headers */,
				2FDBB75E10EECD0200193065 /* UIQuerySegmentedControl.h in Headers */,
				2FDBB76010EECD0200193065 /* UIQueryTabBar.h in Headers */,
				2FDBB76210EECD0200193065 /* UIQueryWebView.h in Headers */,
			);
			runOnlyForDeploymentPostprocessing = 0;
		};
/* End PBXHeadersBuildPhase section */

/* Begin PBXNativeTarget section */
		C76EB5D10F74586B00EF8398 /* UISpec */ = {
			isa = PBXNativeTarget;
			buildConfigurationList = C76EB5D50F7458BF00EF8398 /* Build configuration list for PBXNativeTarget "UISpec" */;
			buildPhases = (
				C76EB5CE0F74586B00EF8398 /* Headers */,
				C76EB5CF0F74586B00EF8398 /* Sources */,
				C76EB5D00F74586B00EF8398 /* Frameworks */,
			);
			buildRules = (
			);
			dependencies = (
			);
			name = UISpec;
			productName = UISpec_Simulator;
			productReference = C76EB5D20F74586B00EF8398 /* libUISpec.a */;
			productType = "com.apple.product-type.library.static";
		};
		C7D4F29210BDA39C00B00019 /* Specs */ = {
			isa = PBXNativeTarget;
			buildConfigurationList = C7D4F29B10BDA39D00B00019 /* Build configuration list for PBXNativeTarget "Specs" */;
			buildPhases = (
				40C7CC2912E9E854003FF22C /* Headers */,
				C7D4F28F10BDA39C00B00019 /* Resources */,
				C7D4F29010BDA39C00B00019 /* Sources */,
				C7D4F29110BDA39C00B00019 /* Frameworks */,
			);
			buildRules = (
			);
			dependencies = (
				40C7CBD912E9E6E0003FF22C /* PBXTargetDependency */,
			);
			name = Specs;
			productName = Specs;
			productReference = C7D4F29310BDA39C00B00019 /* Specs.app */;
			productType = "com.apple.product-type.application";
		};
/* End PBXNativeTarget section */

/* Begin PBXProject section */
		08FB7793FE84155DC02AAC07 /* Project object */ = {
			isa = PBXProject;
			buildConfigurationList = 1DEB91EF08733DB70010E9CD /* Build configuration list for PBXProject "UISpec" */;
			compatibilityVersion = "Xcode 3.1";
			developmentRegion = English;
			hasScannedForEncodings = 1;
			knownRegions = (
				English,
				Japanese,
				French,
				German,
			);
			mainGroup = 08FB7794FE84155DC02AAC07 /* UISpec */;
			projectDirPath = "";
			projectRoot = "";
			targets = (
				C76EB5D10F74586B00EF8398 /* UISpec */,
				C7D4F29210BDA39C00B00019 /* Specs */,
			);
		};
/* End PBXProject section */

/* Begin PBXResourcesBuildPhase section */
		C7D4F28F10BDA39C00B00019 /* Resources */ = {
			isa = PBXResourcesBuildPhase;
			buildActionMask = 2147483647;
			files = (
				C7D4F2EB10BDA54500B00019 /* UISpec.bundle in Resources */,
			);
			runOnlyForDeploymentPostprocessing = 0;
		};
/* End PBXResourcesBuildPhase section */

/* Begin PBXSourcesBuildPhase section */
		C76EB5CF0F74586B00EF8398 /* Sources */ = {
			isa = PBXSourcesBuildPhase;
			buildActionMask = 2147483647;
			files = (
				C76EB6110F74594900EF8398 /* UISpec.m in Sources */,
				C76EB76C0F76DFF400EF8398 /* UIQueryTableViewCell.m in Sources */,
				C76EB76E0F76DFF400EF8398 /* UIFilter.m in Sources */,
				C76EB7700F76DFF400EF8398 /* UIQuery.m in Sources */,
				C76EB7720F76DFF400EF8398 /* UIExpectation.m in Sources */,
				C76EB7740F76DFF400EF8398 /* CallCache.m in Sources */,
				C76EB7760F76DFF400EF8398 /* NSNumberCreator.m in Sources */,
				C76EB7A60F76F03F00EF8398 /* UIQueryTableView.m in Sources */,
				C7FE1C2E0F7B26360047857B /* Recordable.m in Sources */,
				C7FE1D9D0F7D6B060047857B /* ViewFilterSwizzler.m in Sources */,
				C7FE1DFC0F7D6D7C0047857B /* UIQueryAll.m in Sources */,
				C7E953570F81799A005FC682 /* UIProxy.m in Sources */,
				C7E9535D0F818688005FC682 /* ReturnCacher.m in Sources */,
				C7407B5D101AA2FA00E5392C /* WaitUntilIdle.m in Sources */,
				C7653A9B1023BE15001FF86B /* UIChildren.m in Sources */,
				C7653A9D1023BE15001FF86B /* UIDescendants.m in Sources */,
				C7653A9F1023BE15001FF86B /* UIParents.m in Sources */,
				C7653B641023FD63001FF86B /* UIRedoer.m in Sources */,
				C77AB497103F298700FDCEEB /* UIInspector.m in Sources */,
				C77AB499103F298700FDCEEB /* UIBug.m in Sources */,
				C7D32A94103F40DF00071AE1 /* UIConsole.m in Sources */,
				C708D8F210C4B86A000A2462 /* UIMatcher.m in Sources */,
				C77A47D410C9903B00C1BF8D /* UIQueryExpectation.m in Sources */,
				C7EFF50F10E41565007DB16A /* UIConsoleLog.m in Sources */,
				2FDBB75D10EECD0200193065 /* UIQuerySearchBar.m in Sources */,
				2FDBB75F10EECD0200193065 /* UIQuerySegmentedControl.m in Sources */,
				2FDBB76110EECD0200193065 /* UIQueryTabBar.m in Sources */,
				2FDBB76310EECD0200193065 /* UIQueryWebView.m in Sources */,
			);
			runOnlyForDeploymentPostprocessing = 0;
		};
		C7D4F29010BDA39C00B00019 /* Sources */ = {
			isa = PBXSourcesBuildPhase;
			buildActionMask = 2147483647;
			files = (
				C7D4F2B410BDA48300B00019 /* main.m in Sources */,
				C7D4F2EE10BDA57C00B00019 /* DescribeUIExpectation.m in Sources */,
			);
			runOnlyForDeploymentPostprocessing = 0;
		};
/* End PBXSourcesBuildPhase section */

/* Begin PBXTargetDependency section */
		40C7CBD912E9E6E0003FF22C /* PBXTargetDependency */ = {
			isa = PBXTargetDependency;
			target = C76EB5D10F74586B00EF8398 /* UISpec */;
			targetProxy = 40C7CBD812E9E6E0003FF22C /* PBXContainerItemProxy */;
		};
/* End PBXTargetDependency section */

/* Begin XCBuildConfiguration section */
		1DEB91F008733DB70010E9CD /* Debug */ = {
			isa = XCBuildConfiguration;
			buildSettings = {
				ARCHS = "$(ARCHS_STANDARD_32_BIT)";
				GCC_C_LANGUAGE_STANDARD = c99;
				GCC_OPTIMIZATION_LEVEL = 0;
				GCC_WARN_ABOUT_RETURN_TYPE = YES;
				GCC_WARN_UNUSED_VARIABLE = YES;
				ONLY_ACTIVE_ARCH = YES;
				PREBINDING = NO;
				SDKROOT = macosx10.5;
			};
			name = Debug;
		};
		1DEB91F108733DB70010E9CD /* Release */ = {
			isa = XCBuildConfiguration;
			buildSettings = {
				ARCHS = "$(ARCHS_STANDARD_32_BIT)";
				GCC_C_LANGUAGE_STANDARD = c99;
				GCC_WARN_ABOUT_RETURN_TYPE = YES;
				GCC_WARN_UNUSED_VARIABLE = YES;
				PREBINDING = NO;
				SDKROOT = macosx10.5;
			};
			name = Release;
		};
		C76EB5D30F74586B00EF8398 /* Debug */ = {
			isa = XCBuildConfiguration;
			buildSettings = {
				ALWAYS_SEARCH_USER_PATHS = NO;
				COPY_PHASE_STRIP = NO;
				EXECUTABLE_PREFIX = lib;
				GCC_DYNAMIC_NO_PIC = NO;
				GCC_ENABLE_FIX_AND_CONTINUE = YES;
				GCC_MODEL_TUNING = G5;
				GCC_OPTIMIZATION_LEVEL = 0;
				GCC_PRECOMPILE_PREFIX_HEADER = YES;
				GCC_PREFIX_HEADER = UISpec_Prefix.pch;
				GCC_VERSION = 4.2;
				INSTALL_PATH = /usr/local/lib;
				IPHONEOS_DEPLOYMENT_TARGET = 3.0;
				ONLY_ACTIVE_ARCH = NO;
				PREBINDING = NO;
				PRODUCT_NAME = UISpec;
				PUBLIC_HEADERS_FOLDER_PATH = ../../../../headers;
				SDKROOT = iphoneos;
			};
			name = Debug;
		};
		C76EB5D40F74586B00EF8398 /* Release */ = {
			isa = XCBuildConfiguration;
			buildSettings = {
				ALWAYS_SEARCH_USER_PATHS = NO;
				COPY_PHASE_STRIP = YES;
				DEBUG_INFORMATION_FORMAT = "dwarf-with-dsym";
				EXECUTABLE_PREFIX = lib;
				GCC_ENABLE_FIX_AND_CONTINUE = NO;
				GCC_MODEL_TUNING = G5;
				GCC_PRECOMPILE_PREFIX_HEADER = YES;
				GCC_PREFIX_HEADER = UISpec_Prefix.pch;
				INSTALL_PATH = /usr/local/lib;
				IPHONEOS_DEPLOYMENT_TARGET = 3.0;
				ONLY_ACTIVE_ARCH = NO;
				PREBINDING = NO;
				PRODUCT_NAME = UISpec;
				PUBLIC_HEADERS_FOLDER_PATH = ../../../../headers;
				SDKROOT = iphoneos;
				ZERO_LINK = NO;
			};
			name = Release;
		};
		C7D4F29910BDA39D00B00019 /* Debug */ = {
			isa = XCBuildConfiguration;
			buildSettings = {
				ALWAYS_SEARCH_USER_PATHS = NO;
				CODE_SIGN_IDENTITY = "Don't Code Sign";
				COPY_PHASE_STRIP = NO;
				GCC_DYNAMIC_NO_PIC = NO;
				GCC_OPTIMIZATION_LEVEL = 0;
				GCC_PRECOMPILE_PREFIX_HEADER = YES;
				GCC_PREFIX_HEADER = "$(SYSTEM_LIBRARY_DIR)/Frameworks/UIKit.framework/Headers/UIKit.h";
				HEADER_SEARCH_PATHS = ".//**";
				INFOPLIST_FILE = "Specs-Info.plist";
				INSTALL_PATH = "$(HOME)/Applications";
				IPHONEOS_DEPLOYMENT_TARGET = 3.0;
				OTHER_LDFLAGS = (
					"-all_load",
					"-ObjC",
					"-framework",
					Foundation,
					"-framework",
					UIKit,
				);
				PREBINDING = NO;
				PRODUCT_NAME = Specs;
				PROVISIONING_PROFILE = "";
				SDKROOT = iphoneos;
			};
			name = Debug;
		};
		C7D4F29A10BDA39D00B00019 /* Release */ = {
			isa = XCBuildConfiguration;
			buildSettings = {
				ALWAYS_SEARCH_USER_PATHS = NO;
				CODE_SIGN_IDENTITY = "Don't Code Sign";
				COPY_PHASE_STRIP = YES;
				DEBUG_INFORMATION_FORMAT = "dwarf-with-dsym";
				GCC_ENABLE_FIX_AND_CONTINUE = NO;
				GCC_PRECOMPILE_PREFIX_HEADER = YES;
				GCC_PREFIX_HEADER = "$(SYSTEM_LIBRARY_DIR)/Frameworks/UIKit.framework/Headers/UIKit.h";
				HEADER_SEARCH_PATHS = ".//**";
				INFOPLIST_FILE = "Specs-Info.plist";
				INSTALL_PATH = "$(HOME)/Applications";
				IPHONEOS_DEPLOYMENT_TARGET = 3.0;
				OTHER_LDFLAGS = (
					"-all_load",
					"-ObjC",
					"-framework",
					Foundation,
					"-framework",
					UIKit,
				);
				PREBINDING = NO;
				PRODUCT_NAME = Specs;
				PROVISIONING_PROFILE = "";
				SDKROOT = iphoneos;
				ZERO_LINK = NO;
			};
			name = Release;
		};
/* End XCBuildConfiguration section */

/* Begin XCConfigurationList section */
		1DEB91EF08733DB70010E9CD /* Build configuration list for PBXProject "UISpec" */ = {
			isa = XCConfigurationList;
			buildConfigurations = (
				1DEB91F008733DB70010E9CD /* Debug */,
				1DEB91F108733DB70010E9CD /* Release */,
			);
			defaultConfigurationIsVisible = 0;
			defaultConfigurationName = Release;
		};
		C76EB5D50F7458BF00EF8398 /* Build configuration list for PBXNativeTarget "UISpec" */ = {
			isa = XCConfigurationList;
			buildConfigurations = (
				C76EB5D30F74586B00EF8398 /* Debug */,
				C76EB5D40F74586B00EF8398 /* Release */,
			);
			defaultConfigurationIsVisible = 0;
			defaultConfigurationName = Release;
		};
		C7D4F29B10BDA39D00B00019 /* Build configuration list for PBXNativeTarget "Specs" */ = {
			isa = XCConfigurationList;
			buildConfigurations = (
				C7D4F29910BDA39D00B00019 /* Debug */,
				C7D4F29A10BDA39D00B00019 /* Release */,
			);
			defaultConfigurationIsVisible = 0;
			defaultConfigurationName = Release;
		};
/* End XCConfigurationList section */
	};
	rootObject = 08FB7793FE84155DC02AAC07 /* Project object */;
}
